
Microsoft Visual Studio Solution File, Format Version 12.00
# Visual Studio Version 17
VisualStudioVersion = 17.14.36705.20 d17.14
MinimumVisualStudioVersion = 10.0.40219.1
Project("{FAE04EC0-301F-11D3-BF4B-00C04F79EFBC}") = "DealershipAPI", "DealershipAPI\DealershipAPI.csproj", "{4EDCA3CD-2777-4DD0-B025-C30457FEB8CB}"
EndProject
Global
	GlobalSection(SolutionConfigurationPlatforms) = preSolution
		Debug|Any CPU = Debug|Any CPU
		Release|Any CPU = Release|Any CPU
	EndGlobalSection
	GlobalSection(ProjectConfigurationPlatforms) = postSolution
		{4EDCA3CD-2777-4DD0-B025-C30457FEB8CB}.Debug|Any CPU.ActiveCfg = Debug|Any CPU
		{4EDCA3CD-2777-4DD0-B025-C30457FEB8CB}.Debug|Any CPU.Build.0 = Debug|Any CPU
		{4EDCA3CD-2777-4DD0-B025-C30457FEB8CB}.Release|Any CPU.ActiveCfg = Release|Any CPU
		{4EDCA3CD-2777-4DD0-B025-C30457FEB8CB}.Release|Any CPU.Build.0 = Release|Any CPU
	EndGlobalSection
	GlobalSection(SolutionProperties) = preSolution
		HideSolutionNode = FALSE
	EndGlobalSection
	GlobalSection(ExtensibilityGlobals) = postSolution
		SolutionGuid = {B57B7531-25DD-4E73-8EE3-39AB3EBAE679}
	EndGlobalSection
EndGlobal
